<?xml version="1.0" encoding="utf-8"?>
<Project ToolsVersion="15.0" xmlns="http://schemas.microsoft.com/developer/msbuild/2003">
  <ItemGroup>
    <Filter Include="Common">
      <UniqueIdentifier>262df059-2a4e-4fc8-88ff-741f7b144bd5</UniqueIdentifier>
    </Filter>
    <Filter Include="Assets">
      <UniqueIdentifier>3f71ba71-15d6-4e29-9c85-18df4df2f301</UniqueIdentifier>
      <Extensions>bmp;fbx;gif;jpg;jpeg;tga;tiff;tif;png</Extensions>
    </Filter>
    <Filter Include="Content">
      <UniqueIdentifier>{a9dbfdda-fce5-4056-8530-9d12455ba88f}</UniqueIdentifier>
    </Filter>
  </ItemGroup>
  <ItemGroup>
    <ApplicationDefinition Include="App.xaml" />
  </ItemGroup>
  <ItemGroup>
    <ClCompile Include="App.xaml.cpp" />
    <ClCompile Include="MainPage.xaml.cpp" />
    <ClCompile Include="pch.cpp" />
    <ClCompile Include="Content\BaseGrid.cpp">
      <Filter>Content</Filter>
    </ClCompile>
    <ClCompile Include="Content\BaseModel.cpp">
      <Filter>Content</Filter>
    </ClCompile>
    <ClCompile Include="Content\BlurGrid.cpp">
      <Filter>Content</Filter>
    </ClCompile>
    <ClCompile Include="Content\BlurModel.cpp">
      <Filter>Content</Filter>
    </ClCompile>
    <ClCompile Include="Content\CannyGrid.cpp">
      <Filter>Content</Filter>
    </ClCompile>
    <ClCompile Include="Content\CannyModel.cpp">
      <Filter>Content</Filter>
    </ClCompile>
    <ClCompile Include="Content\ModelManager.cpp">
      <Filter>Content</Filter>
    </ClCompile>
    <ClCompile Include="Content\OpenCVHelper.cpp">
      <Filter>Content</Filter>
    </ClCompile>
  </ItemGroup>
  <ItemGroup>
    <ClInclude Include="pch.h" />
    <ClInclude Include="App.xaml.h" />
    <ClInclude Include="MainPage.xaml.h" />
    <ClInclude Include="Content\BaseGrid.h">
      <Filter>Content</Filter>
    </ClInclude>
    <ClInclude Include="Content\BaseModel.h">
      <Filter>Content</Filter>
    </ClInclude>
    <ClInclude Include="Content\BlurGrid.h">
      <Filter>Content</Filter>
    </ClInclude>
    <ClInclude Include="Content\BlurModel.h">
      <Filter>Content</Filter>
    </ClInclude>
    <ClInclude Include="Content\CannyGrid.h">
      <Filter>Content</Filter>
    </ClInclude>
    <ClInclude Include="Content\CannyModel.h">
      <Filter>Content</Filter>
    </ClInclude>
    <ClInclude Include="Content\ModelManager.h">
      <Filter>Content</Filter>
    </ClInclude>
    <ClInclude Include="Content\OpenCVHelper.h">
      <Filter>Content</Filter>
    </ClInclude>
  </ItemGroup>
  <ItemGroup>
    <Image Include="Assets\LockScreenLogo.scale-200.png">
      <Filter>Assets</Filter>
    </Image>
    <Image Include="Assets\SplashScreen.scale-200.png">
      <Filter>Assets</Filter>
    </Image>
    <Image Include="Assets\Square150x150Logo.scale-200.png">
      <Filter>Assets</Filter>
    </Image>
    <Image Include="Assets\Square44x44Logo.scale-200.png">
      <Filter>Assets</Filter>
    </Image>
    <Image Include="Assets\Square44x44Logo.targetsize-24_altform-unplated.png">
      <Filter>Assets</Filter>
    </Image>
    <Image Include="Assets\StoreLogo.png">
      <Filter>Assets</Filter>
    </Image>
    <Image Include="Assets\Wide310x150Logo.scale-200.png">
      <Filter>Assets</Filter>
    </Image>
  </ItemGroup>
  <ItemGroup>
    <AppxManifest Include="Package.appxmanifest" />
  </ItemGroup>
  <ItemGroup>
    <None Include="UniversalImage_TemporaryKey.pfx" />
  </ItemGroup>
  <ItemGroup>
    <Page Include="MainPage.xaml" />
  </ItemGroup>
</Project>